// !$*UTF8*$!
{
	archiveVersion = 1;
	classes = {
	};
	objectVersion = 55;
	objects = {

/* Begin PBXBuildFile section */
		CA36A78427CE4F6A003B9140 /* SubtitleInfo.swift in Sources */ = {isa = PBXBuildFile; fileRef = CA36A78327CE4F6A003B9140 /* SubtitleInfo.swift */; };
		CA36A78827CE5A99003B9140 /* SubtitlePlayerViewController.swift in Sources */ = {isa = PBXBuildFile; fileRef = CA36A78627CE5A99003B9140 /* SubtitlePlayerViewController.swift */; };
		CA36A78927CE5A99003B9140 /* SubtitlePlayerViewController.xib in Resources */ = {isa = PBXBuildFile; fileRef = CA36A78727CE5A99003B9140 /* SubtitlePlayerViewController.xib */; };
		CA36A78B27CE5AC7003B9140 /* SubtitlePlayerView.swift in Sources */ = {isa = PBXBuildFile; fileRef = CA36A78A27CE5AC7003B9140 /* SubtitlePlayerView.swift */; };
		CA36A78D27CE5AE0003B9140 /* SubtitlePlayerView.xib in Resources */ = {isa = PBXBuildFile; fileRef = CA36A78C27CE5AE0003B9140 /* SubtitlePlayerView.xib */; };
		CA36A79027CE5D94003B9140 /* SubtitleTableViewCell.swift in Sources */ = {isa = PBXBuildFile; fileRef = CA36A78E27CE5D94003B9140 /* SubtitleTableViewCell.swift */; };
		CA36A79127CE5D94003B9140 /* SubtitleTableViewCell.xib in Resources */ = {isa = PBXBuildFile; fileRef = CA36A78F27CE5D94003B9140 /* SubtitleTableViewCell.xib */; };
		CA36A79327CE60C8003B9140 /* SubtitlePlayerViewModel.swift in Sources */ = {isa = PBXBuildFile; fileRef = CA36A79227CE60C8003B9140 /* SubtitlePlayerViewModel.swift */; };
		CA36A79F27CFB1DF003B9140 /* AudioPlayer.swift in Sources */ = {isa = PBXBuildFile; fileRef = CA36A79E27CFB1DF003B9140 /* AudioPlayer.swift */; };
		CA36A7A227CFBC7F003B9140 /* audio_tmp_30.m4a in Resources */ = {isa = PBXBuildFile; fileRef = CA36A7A127CFBC7E003B9140 /* audio_tmp_30.m4a */; };
		CA3F554C27C602B300D6CAC2 /* LinkLabelViewController.swift in Sources */ = {isa = PBXBuildFile; fileRef = CA3F554A27C602B300D6CAC2 /* LinkLabelViewController.swift */; };
		CA3F554D27C602B300D6CAC2 /* LinkLabelViewController.xib in Resources */ = {isa = PBXBuildFile; fileRef = CA3F554B27C602B300D6CAC2 /* LinkLabelViewController.xib */; };
		CA3F554F27C603E400D6CAC2 /* LinkLabelViewModel.swift in Sources */ = {isa = PBXBuildFile; fileRef = CA3F554E27C603E400D6CAC2 /* LinkLabelViewModel.swift */; };
		CA3F555127C604FB00D6CAC2 /* LinkLabelView.swift in Sources */ = {isa = PBXBuildFile; fileRef = CA3F555027C604FB00D6CAC2 /* LinkLabelView.swift */; };
		CA3F555327C6050600D6CAC2 /* LinkLabelView.xib in Resources */ = {isa = PBXBuildFile; fileRef = CA3F555227C6050600D6CAC2 /* LinkLabelView.xib */; };
		CA3F555527C6083600D6CAC2 /* LabelLinkTapGesture.swift in Sources */ = {isa = PBXBuildFile; fileRef = CA3F555427C6083600D6CAC2 /* LabelLinkTapGesture.swift */; };
		CA5F0A1827B5E4D30021E1FD /* NSObjectExtension.swift in Sources */ = {isa = PBXBuildFile; fileRef = CA5F0A1727B5E4D30021E1FD /* NSObjectExtension.swift */; };
		CA5F0A1B27B5E4E00021E1FD /* UICollectionViewExtension.swift in Sources */ = {isa = PBXBuildFile; fileRef = CA5F0A1927B5E4E00021E1FD /* UICollectionViewExtension.swift */; };
		CA5F0A1C27B5E4E00021E1FD /* UITableViewExtension.swift in Sources */ = {isa = PBXBuildFile; fileRef = CA5F0A1A27B5E4E00021E1FD /* UITableViewExtension.swift */; };
		CA5F0A2127B5E5250021E1FD /* NibBundler.swift in Sources */ = {isa = PBXBuildFile; fileRef = CA5F0A1E27B5E5250021E1FD /* NibBundler.swift */; };
		CA5F0A2227B5E5250021E1FD /* NibLoadable.swift in Sources */ = {isa = PBXBuildFile; fileRef = CA5F0A1F27B5E5250021E1FD /* NibLoadable.swift */; };
		CA5F0A2327B5E5250021E1FD /* NibOwnerLoadable.swift in Sources */ = {isa = PBXBuildFile; fileRef = CA5F0A2027B5E5250021E1FD /* NibOwnerLoadable.swift */; };
		CA5F0A2827B5E8E40021E1FD /* SpecialViewListViewController.swift in Sources */ = {isa = PBXBuildFile; fileRef = CA5F0A2627B5E8E40021E1FD /* SpecialViewListViewController.swift */; };
		CA5F0A2927B5E8E40021E1FD /* SpecialViewListViewController.xib in Resources */ = {isa = PBXBuildFile; fileRef = CA5F0A2727B5E8E40021E1FD /* SpecialViewListViewController.xib */; };
		CA5F0AB727B5FB480021E1FD /* SpecialViewListTableViewCell.swift in Sources */ = {isa = PBXBuildFile; fileRef = CA5F0AB527B5FB480021E1FD /* SpecialViewListTableViewCell.swift */; };
		CA5F0AB827B5FB480021E1FD /* SpecialViewListTableViewCell.xib in Resources */ = {isa = PBXBuildFile; fileRef = CA5F0AB627B5FB480021E1FD /* SpecialViewListTableViewCell.xib */; };
		CA5F0ABA27B633D20021E1FD /* SpecialViewListViewModel.swift in Sources */ = {isa = PBXBuildFile; fileRef = CA5F0AB927B633D20021E1FD /* SpecialViewListViewModel.swift */; };
		CA5F0ABF27B634EE0021E1FD /* Grid3x3ViewController.swift in Sources */ = {isa = PBXBuildFile; fileRef = CA5F0ABD27B634EE0021E1FD /* Grid3x3ViewController.swift */; };
		CA5F0AC027B634EE0021E1FD /* Grid3x3ViewController.xib in Resources */ = {isa = PBXBuildFile; fileRef = CA5F0ABE27B634EE0021E1FD /* Grid3x3ViewController.xib */; };
		CA5F0AC227B635760021E1FD /* Grid3x3View.swift in Sources */ = {isa = PBXBuildFile; fileRef = CA5F0AC127B635760021E1FD /* Grid3x3View.swift */; };
		CA5F0AC427B6358A0021E1FD /* Grid3x3View.xib in Resources */ = {isa = PBXBuildFile; fileRef = CA5F0AC327B6358A0021E1FD /* Grid3x3View.xib */; };
		CA5F0AC627B63E780021E1FD /* Grid3x3ItemView.swift in Sources */ = {isa = PBXBuildFile; fileRef = CA5F0AC527B63E770021E1FD /* Grid3x3ItemView.swift */; };
		CA5F0AC827B63E850021E1FD /* Grid3x3ItemView.xib in Resources */ = {isa = PBXBuildFile; fileRef = CA5F0AC727B63E850021E1FD /* Grid3x3ItemView.xib */; };
		CA5F0ACB27B645DA0021E1FD /* ItemContent.swift in Sources */ = {isa = PBXBuildFile; fileRef = CA5F0ACA27B645DA0021E1FD /* ItemContent.swift */; };
		CA5F0ACD27B646020021E1FD /* Grid3x3ItemTapGesture.swift in Sources */ = {isa = PBXBuildFile; fileRef = CA5F0ACC27B646020021E1FD /* Grid3x3ItemTapGesture.swift */; };
		CA5F0ACF27B729EA0021E1FD /* UIViewExtension.swift in Sources */ = {isa = PBXBuildFile; fileRef = CA5F0ACE27B729EA0021E1FD /* UIViewExtension.swift */; };
		CA5F0AD127B7769E0021E1FD /* Grid3x3ViewModel.swift in Sources */ = {isa = PBXBuildFile; fileRef = CA5F0AD027B7769E0021E1FD /* Grid3x3ViewModel.swift */; };
		CA5F0AD327B7770E0021E1FD /* SpecialViewList.swift in Sources */ = {isa = PBXBuildFile; fileRef = CA5F0AD227B7770E0021E1FD /* SpecialViewList.swift */; };
		CA664DBA27B5E31C0083D686 /* AppDelegate.swift in Sources */ = {isa = PBXBuildFile; fileRef = CA664DB927B5E31C0083D686 /* AppDelegate.swift */; };
		CA664DC327B5E31D0083D686 /* Assets.xcassets in Resources */ = {isa = PBXBuildFile; fileRef = CA664DC227B5E31D0083D686 /* Assets.xcassets */; };
		CA664DC627B5E31D0083D686 /* LaunchScreen.storyboard in Resources */ = {isa = PBXBuildFile; fileRef = CA664DC427B5E31D0083D686 /* LaunchScreen.storyboard */; };
		CAABE3D227BC6D3000A5D396 /* AutoFlowedTitleViewController.swift in Sources */ = {isa = PBXBuildFile; fileRef = CAABE3D027BC6D3000A5D396 /* AutoFlowedTitleViewController.swift */; };
		CAABE3D327BC6D3000A5D396 /* AutoFlowedTitleViewController.xib in Resources */ = {isa = PBXBuildFile; fileRef = CAABE3D127BC6D3000A5D396 /* AutoFlowedTitleViewController.xib */; };
		CAABE3D527BC6D5700A5D396 /* AutoFlowedTitleViewModel.swift in Sources */ = {isa = PBXBuildFile; fileRef = CAABE3D427BC6D5700A5D396 /* AutoFlowedTitleViewModel.swift */; };
		CAABE3D727BC6F2200A5D396 /* AutoFlowedTitleView.swift in Sources */ = {isa = PBXBuildFile; fileRef = CAABE3D627BC6F2200A5D396 /* AutoFlowedTitleView.swift */; };
		CAABE3D927BC6F3100A5D396 /* AutoFlowedTitleView.xib in Resources */ = {isa = PBXBuildFile; fileRef = CAABE3D827BC6F3100A5D396 /* AutoFlowedTitleView.xib */; };
		CAABE42427BDD10500A5D396 /* AutoFlowedTitleConfig.swift in Sources */ = {isa = PBXBuildFile; fileRef = CAABE42327BDD10500A5D396 /* AutoFlowedTitleConfig.swift */; };
/* End PBXBuildFile section */

/* Begin PBXFileReference section */
		CA36A78327CE4F6A003B9140 /* SubtitleInfo.swift */ = {isa = PBXFileReference; lastKnownFileType = sourcecode.swift; path = SubtitleInfo.swift; sourceTree = "<group>"; };
		CA36A78627CE5A99003B9140 /* SubtitlePlayerViewController.swift */ = {isa = PBXFileReference; lastKnownFileType = sourcecode.swift; path = SubtitlePlayerViewController.swift; sourceTree = "<group>"; };
		CA36A78727CE5A99003B9140 /* SubtitlePlayerViewController.xib */ = {isa = PBXFileReference; lastKnownFileType = file.xib; path = SubtitlePlayerViewController.xib; sourceTree = "<group>"; };
		CA36A78A27CE5AC7003B9140 /* SubtitlePlayerView.swift */ = {isa = PBXFileReference; lastKnownFileType = sourcecode.swift; path = SubtitlePlayerView.swift; sourceTree = "<group>"; };
		CA36A78C27CE5AE0003B9140 /* SubtitlePlayerView.xib */ = {isa = PBXFileReference; lastKnownFileType = file.xib; path = SubtitlePlayerView.xib; sourceTree = "<group>"; };
		CA36A78E27CE5D94003B9140 /* SubtitleTableViewCell.swift */ = {isa = PBXFileReference; lastKnownFileType = sourcecode.swift; path = SubtitleTableViewCell.swift; sourceTree = "<group>"; };
		CA36A78F27CE5D94003B9140 /* SubtitleTableViewCell.xib */ = {isa = PBXFileReference; lastKnownFileType = file.xib; path = SubtitleTableViewCell.xib; sourceTree = "<group>"; };
		CA36A79227CE60C8003B9140 /* SubtitlePlayerViewModel.swift */ = {isa = PBXFileReference; lastKnownFileType = sourcecode.swift; path = SubtitlePlayerViewModel.swift; sourceTree = "<group>"; };
		CA36A79E27CFB1DF003B9140 /* AudioPlayer.swift */ = {isa = PBXFileReference; lastKnownFileType = sourcecode.swift; path = AudioPlayer.swift; sourceTree = "<group>"; };
		CA36A7A127CFBC7E003B9140 /* audio_tmp_30.m4a */ = {isa = PBXFileReference; lastKnownFileType = file; path = audio_tmp_30.m4a; sourceTree = "<group>"; };
		CA3F554A27C602B300D6CAC2 /* LinkLabelViewController.swift */ = {isa = PBXFileReference; lastKnownFileType = sourcecode.swift; path = LinkLabelViewController.swift; sourceTree = "<group>"; };
		CA3F554B27C602B300D6CAC2 /* LinkLabelViewController.xib */ = {isa = PBXFileReference; lastKnownFileType = file.xib; path = LinkLabelViewController.xib; sourceTree = "<group>"; };
		CA3F554E27C603E400D6CAC2 /* LinkLabelViewModel.swift */ = {isa = PBXFileReference; lastKnownFileType = sourcecode.swift; path = LinkLabelViewModel.swift; sourceTree = "<group>"; };
		CA3F555027C604FB00D6CAC2 /* LinkLabelView.swift */ = {isa = PBXFileReference; lastKnownFileType = sourcecode.swift; path = LinkLabelView.swift; sourceTree = "<group>"; };
		CA3F555227C6050600D6CAC2 /* LinkLabelView.xib */ = {isa = PBXFileReference; lastKnownFileType = file.xib; path = LinkLabelView.xib; sourceTree = "<group>"; };
		CA3F555427C6083600D6CAC2 /* LabelLinkTapGesture.swift */ = {isa = PBXFileReference; lastKnownFileType = sourcecode.swift; path = LabelLinkTapGesture.swift; sourceTree = "<group>"; };
		CA5F0A1727B5E4D30021E1FD /* NSObjectExtension.swift */ = {isa = PBXFileReference; fileEncoding = 4; lastKnownFileType = sourcecode.swift; path = NSObjectExtension.swift; sourceTree = "<group>"; };
		CA5F0A1927B5E4E00021E1FD /* UICollectionViewExtension.swift */ = {isa = PBXFileReference; fileEncoding = 4; lastKnownFileType = sourcecode.swift; path = UICollectionViewExtension.swift; sourceTree = "<group>"; };
		CA5F0A1A27B5E4E00021E1FD /* UITableViewExtension.swift */ = {isa = PBXFileReference; fileEncoding = 4; lastKnownFileType = sourcecode.swift; path = UITableViewExtension.swift; sourceTree = "<group>"; };
		CA5F0A1E27B5E5250021E1FD /* NibBundler.swift */ = {isa = PBXFileReference; fileEncoding = 4; lastKnownFileType = sourcecode.swift; path = NibBundler.swift; sourceTree = "<group>"; };
		CA5F0A1F27B5E5250021E1FD /* NibLoadable.swift */ = {isa = PBXFileReference; fileEncoding = 4; lastKnownFileType = sourcecode.swift; path = NibLoadable.swift; sourceTree = "<group>"; };
		CA5F0A2027B5E5250021E1FD /* NibOwnerLoadable.swift */ = {isa = PBXFileReference; fileEncoding = 4; lastKnownFileType = sourcecode.swift; path = NibOwnerLoadable.swift; sourceTree = "<group>"; };
		CA5F0A2627B5E8E40021E1FD /* SpecialViewListViewController.swift */ = {isa = PBXFileReference; lastKnownFileType = sourcecode.swift; path = SpecialViewListViewController.swift; sourceTree = "<group>"; };
		CA5F0A2727B5E8E40021E1FD /* SpecialViewListViewController.xib */ = {isa = PBXFileReference; lastKnownFileType = file.xib; path = SpecialViewListViewController.xib; sourceTree = "<group>"; };
		CA5F0AB527B5FB480021E1FD /* SpecialViewListTableViewCell.swift */ = {isa = PBXFileReference; lastKnownFileType = sourcecode.swift; path = SpecialViewListTableViewCell.swift; sourceTree = "<group>"; };
		CA5F0AB627B5FB480021E1FD /* SpecialViewListTableViewCell.xib */ = {isa = PBXFileReference; lastKnownFileType = file.xib; path = SpecialViewListTableViewCell.xib; sourceTree = "<group>"; };
		CA5F0AB927B633D20021E1FD /* SpecialViewListViewModel.swift */ = {isa = PBXFileReference; lastKnownFileType = sourcecode.swift; path = SpecialViewListViewModel.swift; sourceTree = "<group>"; };
		CA5F0ABD27B634EE0021E1FD /* Grid3x3ViewController.swift */ = {isa = PBXFileReference; lastKnownFileType = sourcecode.swift; path = Grid3x3ViewController.swift; sourceTree = "<group>"; };
		CA5F0ABE27B634EE0021E1FD /* Grid3x3ViewController.xib */ = {isa = PBXFileReference; lastKnownFileType = file.xib; path = Grid3x3ViewController.xib; sourceTree = "<group>"; };
		CA5F0AC127B635760021E1FD /* Grid3x3View.swift */ = {isa = PBXFileReference; lastKnownFileType = sourcecode.swift; path = Grid3x3View.swift; sourceTree = "<group>"; };
		CA5F0AC327B6358A0021E1FD /* Grid3x3View.xib */ = {isa = PBXFileReference; lastKnownFileType = file.xib; path = Grid3x3View.xib; sourceTree = "<group>"; };
		CA5F0AC527B63E770021E1FD /* Grid3x3ItemView.swift */ = {isa = PBXFileReference; lastKnownFileType = sourcecode.swift; path = Grid3x3ItemView.swift; sourceTree = "<group>"; };
		CA5F0AC727B63E850021E1FD /* Grid3x3ItemView.xib */ = {isa = PBXFileReference; lastKnownFileType = file.xib; path = Grid3x3ItemView.xib; sourceTree = "<group>"; };
		CA5F0ACA27B645DA0021E1FD /* ItemContent.swift */ = {isa = PBXFileReference; lastKnownFileType = sourcecode.swift; path = ItemContent.swift; sourceTree = "<group>"; };
		CA5F0ACC27B646020021E1FD /* Grid3x3ItemTapGesture.swift */ = {isa = PBXFileReference; lastKnownFileType = sourcecode.swift; path = Grid3x3ItemTapGesture.swift; sourceTree = "<group>"; };
		CA5F0ACE27B729EA0021E1FD /* UIViewExtension.swift */ = {isa = PBXFileReference; fileEncoding = 4; lastKnownFileType = sourcecode.swift; path = UIViewExtension.swift; sourceTree = "<group>"; };
		CA5F0AD027B7769E0021E1FD /* Grid3x3ViewModel.swift */ = {isa = PBXFileReference; lastKnownFileType = sourcecode.swift; path = Grid3x3ViewModel.swift; sourceTree = "<group>"; };
		CA5F0AD227B7770E0021E1FD /* SpecialViewList.swift */ = {isa = PBXFileReference; lastKnownFileType = sourcecode.swift; path = SpecialViewList.swift; sourceTree = "<group>"; };
		CA664DB627B5E31C0083D686 /* SpecialViewList.app */ = {isa = PBXFileReference; explicitFileType = wrapper.application; includeInIndex = 0; path = SpecialViewList.app; sourceTree = BUILT_PRODUCTS_DIR; };
		CA664DB927B5E31C0083D686 /* AppDelegate.swift */ = {isa = PBXFileReference; lastKnownFileType = sourcecode.swift; path = AppDelegate.swift; sourceTree = "<group>"; };
		CA664DC227B5E31D0083D686 /* Assets.xcassets */ = {isa = PBXFileReference; lastKnownFileType = folder.assetcatalog; path = Assets.xcassets; sourceTree = "<group>"; };
		CA664DC527B5E31D0083D686 /* Base */ = {isa = PBXFileReference; lastKnownFileType = file.storyboard; name = Base; path = Base.lproj/LaunchScreen.storyboard; sourceTree = "<group>"; };
		CA664DC727B5E31D0083D686 /* Info.plist */ = {isa = PBXFileReference; lastKnownFileType = text.plist.xml; path = Info.plist; sourceTree = "<group>"; };
		CAABE3D027BC6D3000A5D396 /* AutoFlowedTitleViewController.swift */ = {isa = PBXFileReference; lastKnownFileType = sourcecode.swift; path = AutoFlowedTitleViewController.swift; sourceTree = "<group>"; };
		CAABE3D127BC6D3000A5D396 /* AutoFlowedTitleViewController.xib */ = {isa = PBXFileReference; lastKnownFileType = file.xib; path = AutoFlowedTitleViewController.xib; sourceTree = "<group>"; };
		CAABE3D427BC6D5700A5D396 /* AutoFlowedTitleViewModel.swift */ = {isa = PBXFileReference; lastKnownFileType = sourcecode.swift; path = AutoFlowedTitleViewModel.swift; sourceTree = "<group>"; };
		CAABE3D627BC6F2200A5D396 /* AutoFlowedTitleView.swift */ = {isa = PBXFileReference; lastKnownFileType = sourcecode.swift; path = AutoFlowedTitleView.swift; sourceTree = "<group>"; };
		CAABE3D827BC6F3100A5D396 /* AutoFlowedTitleView.xib */ = {isa = PBXFileReference; lastKnownFileType = file.xib; path = AutoFlowedTitleView.xib; sourceTree = "<group>"; };
		CAABE42327BDD10500A5D396 /* AutoFlowedTitleConfig.swift */ = {isa = PBXFileReference; lastKnownFileType = sourcecode.swift; path = AutoFlowedTitleConfig.swift; sourceTree = "<group>"; };
/* End PBXFileReference section */

/* Begin PBXFrameworksBuildPhase section */
		CA664DB327B5E31C0083D686 /* Frameworks */ = {
			isa = PBXFrameworksBuildPhase;
			buildActionMask = 2147483647;
			files = (
			);
			runOnlyForDeploymentPostprocessing = 0;
		};
/* End PBXFrameworksBuildPhase section */

/* Begin PBXGroup section */
		CA36A78527CE59CE003B9140 /* SubtitlePlayerView */ = {
			isa = PBXGroup;
			children = (
				CA36A78627CE5A99003B9140 /* SubtitlePlayerViewController.swift */,
				CA36A78727CE5A99003B9140 /* SubtitlePlayerViewController.xib */,
				CA36A78A27CE5AC7003B9140 /* SubtitlePlayerView.swift */,
				CA36A78C27CE5AE0003B9140 /* SubtitlePlayerView.xib */,
				CA36A78E27CE5D94003B9140 /* SubtitleTableViewCell.swift */,
				CA36A78F27CE5D94003B9140 /* SubtitleTableViewCell.xib */,
				CA36A79227CE60C8003B9140 /* SubtitlePlayerViewModel.swift */,
			);
			path = SubtitlePlayerView;
			sourceTree = "<group>";
		};
		CA36A79D27CFB1C4003B9140 /* Player */ = {
			isa = PBXGroup;
			children = (
				CA36A79E27CFB1DF003B9140 /* AudioPlayer.swift */,
			);
			path = Player;
			sourceTree = "<group>";
		};
		CA36A7A027CFBC6A003B9140 /* Assets */ = {
			isa = PBXGroup;
			children = (
				CA36A7A127CFBC7E003B9140 /* audio_tmp_30.m4a */,
			);
			path = Assets;
			sourceTree = "<group>";
		};
		CA3F554927C6026500D6CAC2 /* LinkLabel */ = {
			isa = PBXGroup;
			children = (
				CA3F554A27C602B300D6CAC2 /* LinkLabelViewController.swift */,
				CA3F554B27C602B300D6CAC2 /* LinkLabelViewController.xib */,
				CA3F554E27C603E400D6CAC2 /* LinkLabelViewModel.swift */,
				CA3F555027C604FB00D6CAC2 /* LinkLabelView.swift */,
				CA3F555227C6050600D6CAC2 /* LinkLabelView.xib */,
				CA3F555427C6083600D6CAC2 /* LabelLinkTapGesture.swift */,
			);
			path = LinkLabel;
			sourceTree = "<group>";
		};
		CA5F0A1627B5E4B70021E1FD /* Extenstion */ = {
			isa = PBXGroup;
			children = (
				CA5F0ACE27B729EA0021E1FD /* UIViewExtension.swift */,
				CA5F0A1727B5E4D30021E1FD /* NSObjectExtension.swift */,
				CA5F0A1927B5E4E00021E1FD /* UICollectionViewExtension.swift */,
				CA5F0A1A27B5E4E00021E1FD /* UITableViewExtension.swift */,
			);
			path = Extenstion;
			sourceTree = "<group>";
		};
		CA5F0A1D27B5E4F70021E1FD /* Foundation */ = {
			isa = PBXGroup;
			children = (
				CA36A79D27CFB1C4003B9140 /* Player */,
				CA5F0A2427B5E5290021E1FD /* Views */,
			);
			path = Foundation;
			sourceTree = "<group>";
		};
		CA5F0A2427B5E5290021E1FD /* Views */ = {
			isa = PBXGroup;
			children = (
				CA5F0A1E27B5E5250021E1FD /* NibBundler.swift */,
				CA5F0A1F27B5E5250021E1FD /* NibLoadable.swift */,
				CA5F0A2027B5E5250021E1FD /* NibOwnerLoadable.swift */,
			);
			path = Views;
			sourceTree = "<group>";
		};
		CA5F0A2527B5E5640021E1FD /* Component */ = {
			isa = PBXGroup;
			children = (
				CA36A78527CE59CE003B9140 /* SubtitlePlayerView */,
				CA3F554927C6026500D6CAC2 /* LinkLabel */,
				CAABE3CF27BC6CFE00A5D396 /* AutoFlowedTitleView */,
				CA5F0ABC27B634570021E1FD /* Grid3x3 */,
				CA5F0ABB27B634300021E1FD /* SpecialViewList */,
			);
			path = Component;
			sourceTree = "<group>";
		};
		CA5F0ABB27B634300021E1FD /* SpecialViewList */ = {
			isa = PBXGroup;
			children = (
				CA5F0A2627B5E8E40021E1FD /* SpecialViewListViewController.swift */,
				CA5F0A2727B5E8E40021E1FD /* SpecialViewListViewController.xib */,
				CA5F0AB527B5FB480021E1FD /* SpecialViewListTableViewCell.swift */,
				CA5F0AB627B5FB480021E1FD /* SpecialViewListTableViewCell.xib */,
				CA5F0AB927B633D20021E1FD /* SpecialViewListViewModel.swift */,
				CA5F0AD227B7770E0021E1FD /* SpecialViewList.swift */,
			);
			path = SpecialViewList;
			sourceTree = "<group>";
		};
		CA5F0ABC27B634570021E1FD /* Grid3x3 */ = {
			isa = PBXGroup;
			children = (
				CA5F0ABD27B634EE0021E1FD /* Grid3x3ViewController.swift */,
				CA5F0ABE27B634EE0021E1FD /* Grid3x3ViewController.xib */,
				CA5F0AC127B635760021E1FD /* Grid3x3View.swift */,
				CA5F0AC327B6358A0021E1FD /* Grid3x3View.xib */,
				CA5F0AC527B63E770021E1FD /* Grid3x3ItemView.swift */,
				CA5F0AC727B63E850021E1FD /* Grid3x3ItemView.xib */,
				CA5F0ACC27B646020021E1FD /* Grid3x3ItemTapGesture.swift */,
				CA5F0AD027B7769E0021E1FD /* Grid3x3ViewModel.swift */,
			);
			path = Grid3x3;
			sourceTree = "<group>";
		};
		CA5F0AC927B645730021E1FD /* Entity */ = {
			isa = PBXGroup;
			children = (
				CA5F0ACA27B645DA0021E1FD /* ItemContent.swift */,
				CA36A78327CE4F6A003B9140 /* SubtitleInfo.swift */,
			);
			path = Entity;
			sourceTree = "<group>";
		};
		CA664DAD27B5E31B0083D686 = {
			isa = PBXGroup;
			children = (
				CA664DB827B5E31C0083D686 /* SpecialViewList */,
				CA664DB727B5E31C0083D686 /* Products */,
			);
			sourceTree = "<group>";
		};
		CA664DB727B5E31C0083D686 /* Products */ = {
			isa = PBXGroup;
			children = (
				CA664DB627B5E31C0083D686 /* SpecialViewList.app */,
			);
			name = Products;
			sourceTree = "<group>";
		};
		CA664DB827B5E31C0083D686 /* SpecialViewList */ = {
			isa = PBXGroup;
			children = (
				CA36A7A027CFBC6A003B9140 /* Assets */,
				CA5F0AC927B645730021E1FD /* Entity */,
				CA5F0A2527B5E5640021E1FD /* Component */,
				CA5F0A1D27B5E4F70021E1FD /* Foundation */,
				CA5F0A1627B5E4B70021E1FD /* Extenstion */,
				CA664DB927B5E31C0083D686 /* AppDelegate.swift */,
				CA664DC227B5E31D0083D686 /* Assets.xcassets */,
				CA664DC427B5E31D0083D686 /* LaunchScreen.storyboard */,
				CA664DC727B5E31D0083D686 /* Info.plist */,
			);
			path = SpecialViewList;
			sourceTree = "<group>";
		};
		CAABE3CF27BC6CFE00A5D396 /* AutoFlowedTitleView */ = {
			isa = PBXGroup;
			children = (
				CAABE3D027BC6D3000A5D396 /* AutoFlowedTitleViewController.swift */,
				CAABE3D127BC6D3000A5D396 /* AutoFlowedTitleViewController.xib */,
				CAABE3D427BC6D5700A5D396 /* AutoFlowedTitleViewModel.swift */,
				CAABE3D627BC6F2200A5D396 /* AutoFlowedTitleView.swift */,
				CAABE3D827BC6F3100A5D396 /* AutoFlowedTitleView.xib */,
				CAABE42327BDD10500A5D396 /* AutoFlowedTitleConfig.swift */,
			);
			path = AutoFlowedTitleView;
			sourceTree = "<group>";
		};
/* End PBXGroup section */

/* Begin PBXNativeTarget section */
		CA664DB527B5E31C0083D686 /* SpecialViewList */ = {
			isa = PBXNativeTarget;
			buildConfigurationList = CA664DCA27B5E31D0083D686 /* Build configuration list for PBXNativeTarget "SpecialViewList" */;
			buildPhases = (
				CA664DB227B5E31C0083D686 /* Sources */,
				CA664DB327B5E31C0083D686 /* Frameworks */,
				CA664DB427B5E31C0083D686 /* Resources */,
			);
			buildRules = (
			);
			dependencies = (
			);
			name = SpecialViewList;
			productName = SpecialViewList;
			productReference = CA664DB627B5E31C0083D686 /* SpecialViewList.app */;
			productType = "com.apple.product-type.application";
		};
/* End PBXNativeTarget section */

/* Begin PBXProject section */
		CA664DAE27B5E31B0083D686 /* Project object */ = {
			isa = PBXProject;
			attributes = {
				BuildIndependentTargetsInParallel = 1;
				LastSwiftUpdateCheck = 1320;
				LastUpgradeCheck = 1320;
				TargetAttributes = {
					CA664DB527B5E31C0083D686 = {
						CreatedOnToolsVersion = 13.2.1;
					};
				};
			};
			buildConfigurationList = CA664DB127B5E31B0083D686 /* Build configuration list for PBXProject "SpecialViewList" */;
			compatibilityVersion = "Xcode 13.0";
			developmentRegion = en;
			hasScannedForEncodings = 0;
			knownRegions = (
				en,
				Base,
			);
			mainGroup = CA664DAD27B5E31B0083D686;
			productRefGroup = CA664DB727B5E31C0083D686 /* Products */;
			projectDirPath = "";
			projectRoot = "";
			targets = (
				CA664DB527B5E31C0083D686 /* SpecialViewList */,
			);
		};
/* End PBXProject section */

/* Begin PBXResourcesBuildPhase section */
		CA664DB427B5E31C0083D686 /* Resources */ = {
			isa = PBXResourcesBuildPhase;
			buildActionMask = 2147483647;
			files = (
				CA3F555327C6050600D6CAC2 /* LinkLabelView.xib in Resources */,
				CA5F0AB827B5FB480021E1FD /* SpecialViewListTableViewCell.xib in Resources */,
				CA36A78927CE5A99003B9140 /* SubtitlePlayerViewController.xib in Resources */,
				CA36A78D27CE5AE0003B9140 /* SubtitlePlayerView.xib in Resources */,
				CA664DC627B5E31D0083D686 /* LaunchScreen.storyboard in Resources */,
				CA5F0A2927B5E8E40021E1FD /* SpecialViewListViewController.xib in Resources */,
				CA3F554D27C602B300D6CAC2 /* LinkLabelViewController.xib in Resources */,
				CA36A79127CE5D94003B9140 /* SubtitleTableViewCell.xib in Resources */,
				CA36A7A227CFBC7F003B9140 /* audio_tmp_30.m4a in Resources */,
				CA664DC327B5E31D0083D686 /* Assets.xcassets in Resources */,
				CA5F0AC827B63E850021E1FD /* Grid3x3ItemView.xib in Resources */,
				CA5F0AC027B634EE0021E1FD /* Grid3x3ViewController.xib in Resources */,
				CA5F0AC427B6358A0021E1FD /* Grid3x3View.xib in Resources */,
				CAABE3D927BC6F3100A5D396 /* AutoFlowedTitleView.xib in Resources */,
				CAABE3D327BC6D3000A5D396 /* AutoFlowedTitleViewController.xib in Resources */,
			);
			runOnlyForDeploymentPostprocessing = 0;
		};
/* End PBXResourcesBuildPhase section */

/* Begin PBXSourcesBuildPhase section */
		CA664DB227B5E31C0083D686 /* Sources */ = {
			isa = PBXSourcesBuildPhase;
			buildActionMask = 2147483647;
			files = (
				CA36A78427CE4F6A003B9140 /* SubtitleInfo.swift in Sources */,
				CA5F0ACB27B645DA0021E1FD /* ItemContent.swift in Sources */,
				CA36A79F27CFB1DF003B9140 /* AudioPlayer.swift in Sources */,
				CA5F0A2327B5E5250021E1FD /* NibOwnerLoadable.swift in Sources */,
				CA3F555127C604FB00D6CAC2 /* LinkLabelView.swift in Sources */,
				CA5F0A2227B5E5250021E1FD /* NibLoadable.swift in Sources */,
				CA664DBA27B5E31C0083D686 /* AppDelegate.swift in Sources */,
				CA36A78B27CE5AC7003B9140 /* SubtitlePlayerView.swift in Sources */,
				CA5F0AD127B7769E0021E1FD /* Grid3x3ViewModel.swift in Sources */,
				CA3F554F27C603E400D6CAC2 /* LinkLabelViewModel.swift in Sources */,
				CAABE3D527BC6D5700A5D396 /* AutoFlowedTitleViewModel.swift in Sources */,
				CA36A78827CE5A99003B9140 /* SubtitlePlayerViewController.swift in Sources */,
				CA5F0ABA27B633D20021E1FD /* SpecialViewListViewModel.swift in Sources */,
				CA5F0A1C27B5E4E00021E1FD /* UITableViewExtension.swift in Sources */,
				CAABE42427BDD10500A5D396 /* AutoFlowedTitleConfig.swift in Sources */,
				CA5F0ACF27B729EA0021E1FD /* UIViewExtension.swift in Sources */,
				CA5F0A1827B5E4D30021E1FD /* NSObjectExtension.swift in Sources */,
				CA5F0A1B27B5E4E00021E1FD /* UICollectionViewExtension.swift in Sources */,
				CA5F0A2127B5E5250021E1FD /* NibBundler.swift in Sources */,
				CAABE3D227BC6D3000A5D396 /* AutoFlowedTitleViewController.swift in Sources */,
				CA5F0A2827B5E8E40021E1FD /* SpecialViewListViewController.swift in Sources */,
				CA5F0AB727B5FB480021E1FD /* SpecialViewListTableViewCell.swift in Sources */,
				CA3F555527C6083600D6CAC2 /* LabelLinkTapGesture.swift in Sources */,
				CA5F0ABF27B634EE0021E1FD /* Grid3x3ViewController.swift in Sources */,
				CA5F0AD327B7770E0021E1FD /* SpecialViewList.swift in Sources */,
				CA5F0AC627B63E780021E1FD /* Grid3x3ItemView.swift in Sources */,
				CAABE3D727BC6F2200A5D396 /* AutoFlowedTitleView.swift in Sources */,
				CA3F554C27C602B300D6CAC2 /* LinkLabelViewController.swift in Sources */,
				CA36A79027CE5D94003B9140 /* SubtitleTableViewCell.swift in Sources */,
				CA5F0AC227B635760021E1FD /* Grid3x3View.swift in Sources */,
				CA36A79327CE60C8003B9140 /* SubtitlePlayerViewModel.swift in Sources */,
				CA5F0ACD27B646020021E1FD /* Grid3x3ItemTapGesture.swift in Sources */,
			);
			runOnlyForDeploymentPostprocessing = 0;
		};
/* End PBXSourcesBuildPhase section */

/* Begin PBXVariantGroup section */
		CA664DC427B5E31D0083D686 /* LaunchScreen.storyboard */ = {
			isa = PBXVariantGroup;
			children = (
				CA664DC527B5E31D0083D686 /* Base */,
			);
			name = LaunchScreen.storyboard;
			sourceTree = "<group>";
		};
/* End PBXVariantGroup section */

/* Begin XCBuildConfiguration section */
		CA664DC827B5E31D0083D686 /* Debug */ = {
			isa = XCBuildConfiguration;
			buildSettings = {
				ALWAYS_SEARCH_USER_PATHS = NO;
				CLANG_ANALYZER_NONNULL = YES;
				CLANG_ANALYZER_NUMBER_OBJECT_CONVERSION = YES_AGGRESSIVE;
				CLANG_CXX_LANGUAGE_STANDARD = "gnu++17";
				CLANG_CXX_LIBRARY = "libc++";
				CLANG_ENABLE_MODULES = YES;
				CLANG_ENABLE_OBJC_ARC = YES;
				CLANG_ENABLE_OBJC_WEAK = YES;
				CLANG_WARN_BLOCK_CAPTURE_AUTORELEASING = YES;
				CLANG_WARN_BOOL_CONVERSION = YES;
				CLANG_WARN_COMMA = YES;
				CLANG_WARN_CONSTANT_CONVERSION = YES;
				CLANG_WARN_DEPRECATED_OBJC_IMPLEMENTATIONS = YES;
				CLANG_WARN_DIRECT_OBJC_ISA_USAGE = YES_ERROR;
				CLANG_WARN_DOCUMENTATION_COMMENTS = YES;
				CLANG_WARN_EMPTY_BODY = YES;
				CLANG_WARN_ENUM_CONVERSION = YES;
				CLANG_WARN_INFINITE_RECURSION = YES;
				CLANG_WARN_INT_CONVERSION = YES;
				CLANG_WARN_NON_LITERAL_NULL_CONVERSION = YES;
				CLANG_WARN_OBJC_IMPLICIT_RETAIN_SELF = YES;
				CLANG_WARN_OBJC_LITERAL_CONVERSION = YES;
				CLANG_WARN_OBJC_ROOT_CLASS = YES_ERROR;
				CLANG_WARN_QUOTED_INCLUDE_IN_FRAMEWORK_HEADER = YES;
				CLANG_WARN_RANGE_LOOP_ANALYSIS = YES;
				CLANG_WARN_STRICT_PROTOTYPES = YES;
				CLANG_WARN_SUSPICIOUS_MOVE = YES;
				CLANG_WARN_UNGUARDED_AVAILABILITY = YES_AGGRESSIVE;
				CLANG_WARN_UNREACHABLE_CODE = YES;
				CLANG_WARN__DUPLICATE_METHOD_MATCH = YES;
				COPY_PHASE_STRIP = NO;
				DEBUG_INFORMATION_FORMAT = dwarf;
				ENABLE_STRICT_OBJC_MSGSEND = YES;
				ENABLE_TESTABILITY = YES;
				GCC_C_LANGUAGE_STANDARD = gnu11;
				GCC_DYNAMIC_NO_PIC = NO;
				GCC_NO_COMMON_BLOCKS = YES;
				GCC_OPTIMIZATION_LEVEL = 0;
				GCC_PREPROCESSOR_DEFINITIONS = (
					"DEBUG=1",
					"$(inherited)",
				);
				GCC_WARN_64_TO_32_BIT_CONVERSION = YES;
				GCC_WARN_ABOUT_RETURN_TYPE = YES_ERROR;
				GCC_WARN_UNDECLARED_SELECTOR = YES;
				GCC_WARN_UNINITIALIZED_AUTOS = YES_AGGRESSIVE;
				GCC_WARN_UNUSED_FUNCTION = YES;
				GCC_WARN_UNUSED_VARIABLE = YES;
				IPHONEOS_DEPLOYMENT_TARGET = 15.2;
				MTL_ENABLE_DEBUG_INFO = INCLUDE_SOURCE;
				MTL_FAST_MATH = YES;
				ONLY_ACTIVE_ARCH = YES;
				SDKROOT = iphoneos;
				SWIFT_ACTIVE_COMPILATION_CONDITIONS = DEBUG;
				SWIFT_OPTIMIZATION_LEVEL = "-Onone";
			};
			name = Debug;
		};
		CA664DC927B5E31D0083D686 /* Release */ = {
			isa = XCBuildConfiguration;
			buildSettings = {
				ALWAYS_SEARCH_USER_PATHS = NO;
				CLANG_ANALYZER_NONNULL = YES;
				CLANG_ANALYZER_NUMBER_OBJECT_CONVERSION = YES_AGGRESSIVE;
				CLANG_CXX_LANGUAGE_STANDARD = "gnu++17";
				CLANG_CXX_LIBRARY = "libc++";
				CLANG_ENABLE_MODULES = YES;
				CLANG_ENABLE_OBJC_ARC = YES;
				CLANG_ENABLE_OBJC_WEAK = YES;
				CLANG_WARN_BLOCK_CAPTURE_AUTORELEASING = YES;
				CLANG_WARN_BOOL_CONVERSION = YES;
				CLANG_WARN_COMMA = YES;
				CLANG_WARN_CONSTANT_CONVERSION = YES;
				CLANG_WARN_DEPRECATED_OBJC_IMPLEMENTATIONS = YES;
				CLANG_WARN_DIRECT_OBJC_ISA_USAGE = YES_ERROR;
				CLANG_WARN_DOCUMENTATION_COMMENTS = YES;
				CLANG_WARN_EMPTY_BODY = YES;
				CLANG_WARN_ENUM_CONVERSION = YES;
				CLANG_WARN_INFINITE_RECURSION = YES;
				CLANG_WARN_INT_CONVERSION = YES;
				CLANG_WARN_NON_LITERAL_NULL_CONVERSION = YES;
				CLANG_WARN_OBJC_IMPLICIT_RETAIN_SELF = YES;
				CLANG_WARN_OBJC_LITERAL_CONVERSION = YES;
				CLANG_WARN_OBJC_ROOT_CLASS = YES_ERROR;
				CLANG_WARN_QUOTED_INCLUDE_IN_FRAMEWORK_HEADER = YES;
				CLANG_WARN_RANGE_LOOP_ANALYSIS = YES;
				CLANG_WARN_STRICT_PROTOTYPES = YES;
				CLANG_WARN_SUSPICIOUS_MOVE = YES;
				CLANG_WARN_UNGUARDED_AVAILABILITY = YES_AGGRESSIVE;
				CLANG_WARN_UNREACHABLE_CODE = YES;
				CLANG_WARN__DUPLICATE_METHOD_MATCH = YES;
				COPY_PHASE_STRIP = NO;
				DEBUG_INFORMATION_FORMAT = "dwarf-with-dsym";
				ENABLE_NS_ASSERTIONS = NO;
				ENABLE_STRICT_OBJC_MSGSEND = YES;
				GCC_C_LANGUAGE_STANDARD = gnu11;
				GCC_NO_COMMON_BLOCKS = YES;
				GCC_WARN_64_TO_32_BIT_CONVERSION = YES;
				GCC_WARN_ABOUT_RETURN_TYPE = YES_ERROR;
				GCC_WARN_UNDECLARED_SELECTOR = YES;
				GCC_WARN_UNINITIALIZED_AUTOS = YES_AGGRESSIVE;
				GCC_WARN_UNUSED_FUNCTION = YES;
				GCC_WARN_UNUSED_VARIABLE = YES;
				IPHONEOS_DEPLOYMENT_TARGET = 15.2;
				MTL_ENABLE_DEBUG_INFO = NO;
				MTL_FAST_MATH = YES;
				SDKROOT = iphoneos;
				SWIFT_COMPILATION_MODE = wholemodule;
				SWIFT_OPTIMIZATION_LEVEL = "-O";
				VALIDATE_PRODUCT = YES;
			};
			name = Release;
		};
		CA664DCB27B5E31D0083D686 /* Debug */ = {
			isa = XCBuildConfiguration;
			buildSettings = {
				ASSETCATALOG_COMPILER_APPICON_NAME = AppIcon;
				ASSETCATALOG_COMPILER_GLOBAL_ACCENT_COLOR_NAME = AccentColor;
				CODE_SIGN_STYLE = Automatic;
				CURRENT_PROJECT_VERSION = 1;
				DEVELOPMENT_TEAM = 2R7Z36ZJJH;
				GENERATE_INFOPLIST_FILE = YES;
				INFOPLIST_FILE = SpecialViewList/Info.plist;
				INFOPLIST_KEY_UIApplicationSupportsIndirectInputEvents = YES;
				INFOPLIST_KEY_UILaunchStoryboardName = LaunchScreen;
				INFOPLIST_KEY_UISupportedInterfaceOrientations_iPad = "UIInterfaceOrientationPortrait UIInterfaceOrientationPortraitUpsideDown UIInterfaceOrientationLandscapeLeft UIInterfaceOrientationLandscapeRight";
				INFOPLIST_KEY_UISupportedInterfaceOrientations_iPhone = "UIInterfaceOrientationPortrait UIInterfaceOrientationLandscapeLeft UIInterfaceOrientationLandscapeRight";
				LD_RUNPATH_SEARCH_PATHS = (
					"$(inherited)",
					"@executable_path/Frameworks",
				);
				MARKETING_VERSION = 1.0;
				PRODUCT_BUNDLE_IDENTIFIER = jp.fairyCompany.SpecialViewList;
				PRODUCT_NAME = "$(TARGET_NAME)";
				SWIFT_EMIT_LOC_STRINGS = YES;
				SWIFT_VERSION = 5.0;
				TARGETED_DEVICE_FAMILY = "1,2";
			};
			name = Debug;
		};
		CA664DCC27B5E31D0083D686 /* Release */ = {
			isa = XCBuildConfiguration;
			buildSettings = {
				ASSETCATALOG_COMPILER_APPICON_NAME = AppIcon;
				ASSETCATALOG_COMPILER_GLOBAL_ACCENT_COLOR_NAME = AccentColor;
				CODE_SIGN_STYLE = Automatic;
				CURRENT_PROJECT_VERSION = 1;
				DEVELOPMENT_TEAM = 2R7Z36ZJJH;
				GENERATE_INFOPLIST_FILE = YES;
				INFOPLIST_FILE = SpecialViewList/Info.plist;
				INFOPLIST_KEY_UIApplicationSupportsIndirectInputEvents = YES;
				INFOPLIST_KEY_UILaunchStoryboardName = LaunchScreen;
				INFOPLIST_KEY_UISupportedInterfaceOrientations_iPad = "UIInterfaceOrientationPortrait UIInterfaceOrientationPortraitUpsideDown UIInterfaceOrientationLandscapeLeft UIInterfaceOrientationLandscapeRight";
				INFOPLIST_KEY_UISupportedInterfaceOrientations_iPhone = "UIInterfaceOrientationPortrait UIInterfaceOrientationLandscapeLeft UIInterfaceOrientationLandscapeRight";
				LD_RUNPATH_SEARCH_PATHS = (
					"$(inherited)",
					"@executable_path/Frameworks",
				);
				MARKETING_VERSION = 1.0;
				PRODUCT_BUNDLE_IDENTIFIER = jp.fairyCompany.SpecialViewList;
				PRODUCT_NAME = "$(TARGET_NAME)";
				SWIFT_EMIT_LOC_STRINGS = YES;
				SWIFT_VERSION = 5.0;
				TARGETED_DEVICE_FAMILY = "1,2";
			};
			name = Release;
		};
/* End XCBuildConfiguration section */

/* Begin XCConfigurationList section */
		CA664DB127B5E31B0083D686 /* Build configuration list for PBXProject "SpecialViewList" */ = {
			isa = XCConfigurationList;
			buildConfigurations = (
				CA664DC827B5E31D0083D686 /* Debug */,
				CA664DC927B5E31D0083D686 /* Release */,
			);
			defaultConfigurationIsVisible = 0;
			defaultConfigurationName = Release;
		};
		CA664DCA27B5E31D0083D686 /* Build configuration list for PBXNativeTarget "SpecialViewList" */ = {
			isa = XCConfigurationList;
			buildConfigurations = (
				CA664DCB27B5E31D0083D686 /* Debug */,
				CA664DCC27B5E31D0083D686 /* Release */,
			);
			defaultConfigurationIsVisible = 0;
			defaultConfigurationName = Release;
		};
/* End XCConfigurationList section */
	};
	rootObject = CA664DAE27B5E31B0083D686 /* Project object */;
}
